// !$*UTF8*$!
{
	archiveVersion = 1;
	classes = {
	};
	objectVersion = 56;
	objects = {

/* Begin PBXBuildFile section */
		491AFAFA2B64104A00CA9587 /* PersistenceManager.swift in Sources */ = {isa = PBXBuildFile; fileRef = 491AFAF92B64104A00CA9587 /* PersistenceManager.swift */; };
		491AFB042B70F3A000CA9587 /* ErrorMessages.swift in Sources */ = {isa = PBXBuildFile; fileRef = 491AFB032B70F3A000CA9587 /* ErrorMessages.swift */; };
		491AFB062B70F5B600CA9587 /* UIViewController+Ext.swift in Sources */ = {isa = PBXBuildFile; fileRef = 491AFB052B70F5B600CA9587 /* UIViewController+Ext.swift */; };
		494287352B568FC4004243D1 /* AppDelegate.swift in Sources */ = {isa = PBXBuildFile; fileRef = 494287342B568FC4004243D1 /* AppDelegate.swift */; };
		494287372B568FC4004243D1 /* SceneDelegate.swift in Sources */ = {isa = PBXBuildFile; fileRef = 494287362B568FC4004243D1 /* SceneDelegate.swift */; };
		494287392B568FC4004243D1 /* WeatherInfoVC.swift in Sources */ = {isa = PBXBuildFile; fileRef = 494287382B568FC4004243D1 /* WeatherInfoVC.swift */; };
		4942873E2B568FC5004243D1 /* Assets.xcassets in Resources */ = {isa = PBXBuildFile; fileRef = 4942873D2B568FC5004243D1 /* Assets.xcassets */; };
		494287412B568FC5004243D1 /* LaunchScreen.storyboard in Resources */ = {isa = PBXBuildFile; fileRef = 4942873F2B568FC5004243D1 /* LaunchScreen.storyboard */; };
		494287492B5690EF004243D1 /* WATabBarController.swift in Sources */ = {isa = PBXBuildFile; fileRef = 494287482B5690EF004243D1 /* WATabBarController.swift */; };
		4942874B2B569191004243D1 /* SearchVC.swift in Sources */ = {isa = PBXBuildFile; fileRef = 4942874A2B569191004243D1 /* SearchVC.swift */; };
		494287512B569422004243D1 /* SnapKit in Frameworks */ = {isa = PBXBuildFile; productRef = 494287502B569422004243D1 /* SnapKit */; };
		494287532B569422004243D1 /* SnapKit-Dynamic in Frameworks */ = {isa = PBXBuildFile; productRef = 494287522B569422004243D1 /* SnapKit-Dynamic */; };
		494287582B5697F4004243D1 /* NetworkManager.swift in Sources */ = {isa = PBXBuildFile; fileRef = 494287572B5697F4004243D1 /* NetworkManager.swift */; };
		4942875B2B569819004243D1 /* Alamofire in Frameworks */ = {isa = PBXBuildFile; productRef = 4942875A2B569819004243D1 /* Alamofire */; };
		494287602B569846004243D1 /* Weather.swift in Sources */ = {isa = PBXBuildFile; fileRef = 4942875F2B569846004243D1 /* Weather.swift */; };
		494287742B56ABC3004243D1 /* WASummaryView.swift in Sources */ = {isa = PBXBuildFile; fileRef = 494287732B56ABC3004243D1 /* WASummaryView.swift */; };
		494459BA2B614071005540DF /* City.swift in Sources */ = {isa = PBXBuildFile; fileRef = 494459B92B614071005540DF /* City.swift */; };
		49EC08AB2B56C93500926BE3 /* WASummaryLabel.swift in Sources */ = {isa = PBXBuildFile; fileRef = 49EC08AA2B56C93500926BE3 /* WASummaryLabel.swift */; };
		49EC08AE2B56CFED00926BE3 /* View+Ext.swift in Sources */ = {isa = PBXBuildFile; fileRef = 49EC08AD2B56CFED00926BE3 /* View+Ext.swift */; };
		49EC08B22B59340000926BE3 /* String+Ext.swift in Sources */ = {isa = PBXBuildFile; fileRef = 49EC08B12B59340000926BE3 /* String+Ext.swift */; };
		49EC08B42B59379600926BE3 /* WAHoursView.swift in Sources */ = {isa = PBXBuildFile; fileRef = 49EC08B32B59379600926BE3 /* WAHoursView.swift */; };
		49EC08B72B59384A00926BE3 /* WAHourCVCell.swift in Sources */ = {isa = PBXBuildFile; fileRef = 49EC08B62B59384900926BE3 /* WAHourCVCell.swift */; };
		49EC08BA2B593E5300926BE3 /* SDWebImage in Frameworks */ = {isa = PBXBuildFile; productRef = 49EC08B92B593E5300926BE3 /* SDWebImage */; };
		49EC08BC2B593E5300926BE3 /* SDWebImageMapKit in Frameworks */ = {isa = PBXBuildFile; productRef = 49EC08BB2B593E5300926BE3 /* SDWebImageMapKit */; };
		49EC08BE2B594CE100926BE3 /* WADaysView.swift in Sources */ = {isa = PBXBuildFile; fileRef = 49EC08BD2B594CE100926BE3 /* WADaysView.swift */; };
		49EC08C02B594DE900926BE3 /* WADayTVCell.swift in Sources */ = {isa = PBXBuildFile; fileRef = 49EC08BF2B594DE900926BE3 /* WADayTVCell.swift */; };
		49FD0A6B2B63EC9A0009347D /* SearchResultVC.swift in Sources */ = {isa = PBXBuildFile; fileRef = 49FD0A6A2B63EC9A0009347D /* SearchResultVC.swift */; };
		49FD0A6D2B63F00B0009347D /* SearchResultTVCell.swift in Sources */ = {isa = PBXBuildFile; fileRef = 49FD0A6C2B63F00B0009347D /* SearchResultTVCell.swift */; };
/* End PBXBuildFile section */

/* Begin PBXFileReference section */
		491AFAF92B64104A00CA9587 /* PersistenceManager.swift */ = {isa = PBXFileReference; lastKnownFileType = sourcecode.swift; path = PersistenceManager.swift; sourceTree = "<group>"; };
		491AFB032B70F3A000CA9587 /* ErrorMessages.swift */ = {isa = PBXFileReference; lastKnownFileType = sourcecode.swift; path = ErrorMessages.swift; sourceTree = "<group>"; };
		491AFB052B70F5B600CA9587 /* UIViewController+Ext.swift */ = {isa = PBXFileReference; lastKnownFileType = sourcecode.swift; path = "UIViewController+Ext.swift"; sourceTree = "<group>"; };
		494287312B568FC4004243D1 /* WeatherApp.app */ = {isa = PBXFileReference; explicitFileType = wrapper.application; includeInIndex = 0; path = WeatherApp.app; sourceTree = BUILT_PRODUCTS_DIR; };
		494287342B568FC4004243D1 /* AppDelegate.swift */ = {isa = PBXFileReference; lastKnownFileType = sourcecode.swift; path = AppDelegate.swift; sourceTree = "<group>"; };
		494287362B568FC4004243D1 /* SceneDelegate.swift */ = {isa = PBXFileReference; lastKnownFileType = sourcecode.swift; path = SceneDelegate.swift; sourceTree = "<group>"; };
		494287382B568FC4004243D1 /* WeatherInfoVC.swift */ = {isa = PBXFileReference; lastKnownFileType = sourcecode.swift; path = WeatherInfoVC.swift; sourceTree = "<group>"; };
		4942873D2B568FC5004243D1 /* Assets.xcassets */ = {isa = PBXFileReference; lastKnownFileType = folder.assetcatalog; path = Assets.xcassets; sourceTree = "<group>"; };
		494287402B568FC5004243D1 /* Base */ = {isa = PBXFileReference; lastKnownFileType = file.storyboard; name = Base; path = Base.lproj/LaunchScreen.storyboard; sourceTree = "<group>"; };
		494287422B568FC5004243D1 /* Info.plist */ = {isa = PBXFileReference; lastKnownFileType = text.plist.xml; path = Info.plist; sourceTree = "<group>"; };
		494287482B5690EF004243D1 /* WATabBarController.swift */ = {isa = PBXFileReference; lastKnownFileType = sourcecode.swift; path = WATabBarController.swift; sourceTree = "<group>"; };
		4942874A2B569191004243D1 /* SearchVC.swift */ = {isa = PBXFileReference; lastKnownFileType = sourcecode.swift; path = SearchVC.swift; sourceTree = "<group>"; };
		494287572B5697F4004243D1 /* NetworkManager.swift */ = {isa = PBXFileReference; lastKnownFileType = sourcecode.swift; path = NetworkManager.swift; sourceTree = "<group>"; };
		4942875F2B569846004243D1 /* Weather.swift */ = {isa = PBXFileReference; lastKnownFileType = sourcecode.swift; path = Weather.swift; sourceTree = "<group>"; };
		494287732B56ABC3004243D1 /* WASummaryView.swift */ = {isa = PBXFileReference; lastKnownFileType = sourcecode.swift; path = WASummaryView.swift; sourceTree = "<group>"; };
		494459B92B614071005540DF /* City.swift */ = {isa = PBXFileReference; lastKnownFileType = sourcecode.swift; path = City.swift; sourceTree = "<group>"; };
		49EC08AA2B56C93500926BE3 /* WASummaryLabel.swift */ = {isa = PBXFileReference; lastKnownFileType = sourcecode.swift; path = WASummaryLabel.swift; sourceTree = "<group>"; };
		49EC08AD2B56CFED00926BE3 /* View+Ext.swift */ = {isa = PBXFileReference; lastKnownFileType = sourcecode.swift; path = "View+Ext.swift"; sourceTree = "<group>"; };
		49EC08B12B59340000926BE3 /* String+Ext.swift */ = {isa = PBXFileReference; lastKnownFileType = sourcecode.swift; path = "String+Ext.swift"; sourceTree = "<group>"; };
		49EC08B32B59379600926BE3 /* WAHoursView.swift */ = {isa = PBXFileReference; lastKnownFileType = sourcecode.swift; path = WAHoursView.swift; sourceTree = "<group>"; };
		49EC08B62B59384900926BE3 /* WAHourCVCell.swift */ = {isa = PBXFileReference; lastKnownFileType = sourcecode.swift; path = WAHourCVCell.swift; sourceTree = "<group>"; };
		49EC08BD2B594CE100926BE3 /* WADaysView.swift */ = {isa = PBXFileReference; lastKnownFileType = sourcecode.swift; path = WADaysView.swift; sourceTree = "<group>"; };
		49EC08BF2B594DE900926BE3 /* WADayTVCell.swift */ = {isa = PBXFileReference; lastKnownFileType = sourcecode.swift; path = WADayTVCell.swift; sourceTree = "<group>"; };
		49FD0A6A2B63EC9A0009347D /* SearchResultVC.swift */ = {isa = PBXFileReference; lastKnownFileType = sourcecode.swift; path = SearchResultVC.swift; sourceTree = "<group>"; };
		49FD0A6C2B63F00B0009347D /* SearchResultTVCell.swift */ = {isa = PBXFileReference; lastKnownFileType = sourcecode.swift; path = SearchResultTVCell.swift; sourceTree = "<group>"; };
/* End PBXFileReference section */

/* Begin PBXFrameworksBuildPhase section */
		4942872E2B568FC4004243D1 /* Frameworks */ = {
			isa = PBXFrameworksBuildPhase;
			buildActionMask = 2147483647;
			files = (
				4942875B2B569819004243D1 /* Alamofire in Frameworks */,
				49EC08BC2B593E5300926BE3 /* SDWebImageMapKit in Frameworks */,
				494287512B569422004243D1 /* SnapKit in Frameworks */,
				49EC08BA2B593E5300926BE3 /* SDWebImage in Frameworks */,
				494287532B569422004243D1 /* SnapKit-Dynamic in Frameworks */,
			);
			runOnlyForDeploymentPostprocessing = 0;
		};
/* End PBXFrameworksBuildPhase section */

/* Begin PBXGroup section */
		491AFB022B70F39300CA9587 /* Utilities */ = {
			isa = PBXGroup;
			children = (
				491AFB032B70F3A000CA9587 /* ErrorMessages.swift */,
			);
			path = Utilities;
			sourceTree = "<group>";
		};
		494287282B568FC4004243D1 = {
			isa = PBXGroup;
			children = (
				494287332B568FC4004243D1 /* WeatherApp */,
				494287322B568FC4004243D1 /* Products */,
			);
			sourceTree = "<group>";
		};
		494287322B568FC4004243D1 /* Products */ = {
			isa = PBXGroup;
			children = (
				494287312B568FC4004243D1 /* WeatherApp.app */,
			);
			name = Products;
			sourceTree = "<group>";
		};
		494287332B568FC4004243D1 /* WeatherApp */ = {
			isa = PBXGroup;
			children = (
				491AFB022B70F39300CA9587 /* Utilities */,
				49EC08AC2B56CFDF00926BE3 /* Extensions */,
				4942875E2B569838004243D1 /* Model */,
				494287562B5697E3004243D1 /* Managers */,
				4942874E2B5691C2004243D1 /* CustomViews */,
				4942874D2B56919F004243D1 /* Support */,
				4942874C2B569195004243D1 /* Screens */,
				4942873D2B568FC5004243D1 /* Assets.xcassets */,
				494287422B568FC5004243D1 /* Info.plist */,
			);
			path = WeatherApp;
			sourceTree = "<group>";
		};
		4942874C2B569195004243D1 /* Screens */ = {
			isa = PBXGroup;
			children = (
				494287382B568FC4004243D1 /* WeatherInfoVC.swift */,
				4942874A2B569191004243D1 /* SearchVC.swift */,
				49FD0A6A2B63EC9A0009347D /* SearchResultVC.swift */,
			);
			path = Screens;
			sourceTree = "<group>";
		};
		4942874D2B56919F004243D1 /* Support */ = {
			isa = PBXGroup;
			children = (
				494287342B568FC4004243D1 /* AppDelegate.swift */,
				494287362B568FC4004243D1 /* SceneDelegate.swift */,
				4942873F2B568FC5004243D1 /* LaunchScreen.storyboard */,
			);
			path = Support;
			sourceTree = "<group>";
		};
		4942874E2B5691C2004243D1 /* CustomViews */ = {
			isa = PBXGroup;
			children = (
				49EC08B52B59381B00926BE3 /* Cells */,
				49EC08A92B56C78400926BE3 /* Labels */,
				494287552B5696C9004243D1 /* Views */,
				494287542B5696C1004243D1 /* TabBar */,
			);
			path = CustomViews;
			sourceTree = "<group>";
		};
		494287542B5696C1004243D1 /* TabBar */ = {
			isa = PBXGroup;
			children = (
				494287482B5690EF004243D1 /* WATabBarController.swift */,
			);
			path = TabBar;
			sourceTree = "<group>";
		};
		494287552B5696C9004243D1 /* Views */ = {
			isa = PBXGroup;
			children = (
				494287732B56ABC3004243D1 /* WASummaryView.swift */,
				49EC08B32B59379600926BE3 /* WAHoursView.swift */,
				49EC08BD2B594CE100926BE3 /* WADaysView.swift */,
			);
			path = Views;
			sourceTree = "<group>";
		};
		494287562B5697E3004243D1 /* Managers */ = {
			isa = PBXGroup;
			children = (
				494287572B5697F4004243D1 /* NetworkManager.swift */,
				491AFAF92B64104A00CA9587 /* PersistenceManager.swift */,
			);
			path = Managers;
			sourceTree = "<group>";
		};
		4942875E2B569838004243D1 /* Model */ = {
			isa = PBXGroup;
			children = (
				4942875F2B569846004243D1 /* Weather.swift */,
				494459B92B614071005540DF /* City.swift */,
			);
			path = Model;
			sourceTree = "<group>";
		};
		49EC08A92B56C78400926BE3 /* Labels */ = {
			isa = PBXGroup;
			children = (
				49EC08AA2B56C93500926BE3 /* WASummaryLabel.swift */,
			);
			path = Labels;
			sourceTree = "<group>";
		};
		49EC08AC2B56CFDF00926BE3 /* Extensions */ = {
			isa = PBXGroup;
			children = (
				49EC08AD2B56CFED00926BE3 /* View+Ext.swift */,
				49EC08B12B59340000926BE3 /* String+Ext.swift */,
				491AFB052B70F5B600CA9587 /* UIViewController+Ext.swift */,
			);
			path = Extensions;
			sourceTree = "<group>";
		};
		49EC08B52B59381B00926BE3 /* Cells */ = {
			isa = PBXGroup;
			children = (
				49EC08B62B59384900926BE3 /* WAHourCVCell.swift */,
				49EC08BF2B594DE900926BE3 /* WADayTVCell.swift */,
				49FD0A6C2B63F00B0009347D /* SearchResultTVCell.swift */,
			);
			path = Cells;
			sourceTree = "<group>";
		};
/* End PBXGroup section */

/* Begin PBXNativeTarget section */
		494287302B568FC4004243D1 /* WeatherApp */ = {
			isa = PBXNativeTarget;
			buildConfigurationList = 494287452B568FC5004243D1 /* Build configuration list for PBXNativeTarget "WeatherApp" */;
			buildPhases = (
				4942872D2B568FC4004243D1 /* Sources */,
				4942872E2B568FC4004243D1 /* Frameworks */,
				4942872F2B568FC4004243D1 /* Resources */,
			);
			buildRules = (
			);
			dependencies = (
			);
			name = WeatherApp;
			packageProductDependencies = (
				494287502B569422004243D1 /* SnapKit */,
				494287522B569422004243D1 /* SnapKit-Dynamic */,
				4942875A2B569819004243D1 /* Alamofire */,
				49EC08B92B593E5300926BE3 /* SDWebImage */,
				49EC08BB2B593E5300926BE3 /* SDWebImageMapKit */,
			);
			productName = WeatherApp;
			productReference = 494287312B568FC4004243D1 /* WeatherApp.app */;
			productType = "com.apple.product-type.application";
		};
/* End PBXNativeTarget section */

/* Begin PBXProject section */
		494287292B568FC4004243D1 /* Project object */ = {
			isa = PBXProject;
			attributes = {
				BuildIndependentTargetsInParallel = 1;
				LastSwiftUpdateCheck = 1510;
				LastUpgradeCheck = 1510;
				TargetAttributes = {
					494287302B568FC4004243D1 = {
						CreatedOnToolsVersion = 15.1;
					};
				};
			};
			buildConfigurationList = 4942872C2B568FC4004243D1 /* Build configuration list for PBXProject "WeatherApp" */;
			compatibilityVersion = "Xcode 14.0";
			developmentRegion = en;
			hasScannedForEncodings = 0;
			knownRegions = (
				en,
				Base,
			);
			mainGroup = 494287282B568FC4004243D1;
			packageReferences = (
				4942874F2B569422004243D1 /* XCRemoteSwiftPackageReference "SnapKit" */,
				494287592B569819004243D1 /* XCRemoteSwiftPackageReference "Alamofire" */,
				49EC08B82B593E5300926BE3 /* XCRemoteSwiftPackageReference "SDWebImage" */,
			);
			productRefGroup = 494287322B568FC4004243D1 /* Products */;
			projectDirPath = "";
			projectRoot = "";
			targets = (
				494287302B568FC4004243D1 /* WeatherApp */,
			);
		};
/* End PBXProject section */

/* Begin PBXResourcesBuildPhase section */
		4942872F2B568FC4004243D1 /* Resources */ = {
			isa = PBXResourcesBuildPhase;
			buildActionMask = 2147483647;
			files = (
				494287412B568FC5004243D1 /* LaunchScreen.storyboard in Resources */,
				4942873E2B568FC5004243D1 /* Assets.xcassets in Resources */,
			);
			runOnlyForDeploymentPostprocessing = 0;
		};
/* End PBXResourcesBuildPhase section */

/* Begin PBXSourcesBuildPhase section */
		4942872D2B568FC4004243D1 /* Sources */ = {
			isa = PBXSourcesBuildPhase;
			buildActionMask = 2147483647;
			files = (
				49FD0A6B2B63EC9A0009347D /* SearchResultVC.swift in Sources */,
				494287582B5697F4004243D1 /* NetworkManager.swift in Sources */,
				491AFB062B70F5B600CA9587 /* UIViewController+Ext.swift in Sources */,
				494287392B568FC4004243D1 /* WeatherInfoVC.swift in Sources */,
				49EC08AE2B56CFED00926BE3 /* View+Ext.swift in Sources */,
				49EC08C02B594DE900926BE3 /* WADayTVCell.swift in Sources */,
				4942874B2B569191004243D1 /* SearchVC.swift in Sources */,
				49EC08B42B59379600926BE3 /* WAHoursView.swift in Sources */,
				494287352B568FC4004243D1 /* AppDelegate.swift in Sources */,
				491AFB042B70F3A000CA9587 /* ErrorMessages.swift in Sources */,
				494287372B568FC4004243D1 /* SceneDelegate.swift in Sources */,
				49EC08BE2B594CE100926BE3 /* WADaysView.swift in Sources */,
				49EC08B72B59384A00926BE3 /* WAHourCVCell.swift in Sources */,
				494287492B5690EF004243D1 /* WATabBarController.swift in Sources */,
				494287602B569846004243D1 /* Weather.swift in Sources */,
				494287742B56ABC3004243D1 /* WASummaryView.swift in Sources */,
				49EC08AB2B56C93500926BE3 /* WASummaryLabel.swift in Sources */,
				494459BA2B614071005540DF /* City.swift in Sources */,
				491AFAFA2B64104A00CA9587 /* PersistenceManager.swift in Sources */,
				49FD0A6D2B63F00B0009347D /* SearchResultTVCell.swift in Sources */,
				49EC08B22B59340000926BE3 /* String+Ext.swift in Sources */,
			);
			runOnlyForDeploymentPostprocessing = 0;
		};
/* End PBXSourcesBuildPhase section */

/* Begin PBXVariantGroup section */
		4942873F2B568FC5004243D1 /* LaunchScreen.storyboard */ = {
			isa = PBXVariantGroup;
			children = (
				494287402B568FC5004243D1 /* Base */,
			);
			name = LaunchScreen.storyboard;
			sourceTree = "<group>";
		};
/* End PBXVariantGroup section */

/* Begin XCBuildConfiguration section */
		494287432B568FC5004243D1 /* Debug */ = {
			isa = XCBuildConfiguration;
			buildSettings = {
				ALWAYS_SEARCH_USER_PATHS = NO;
				ASSETCATALOG_COMPILER_GENERATE_SWIFT_ASSET_SYMBOL_EXTENSIONS = YES;
				CLANG_ANALYZER_NONNULL = YES;
				CLANG_ANALYZER_NUMBER_OBJECT_CONVERSION = YES_AGGRESSIVE;
				CLANG_CXX_LANGUAGE_STANDARD = "gnu++20";
				CLANG_ENABLE_MODULES = YES;
				CLANG_ENABLE_OBJC_ARC = YES;
				CLANG_ENABLE_OBJC_WEAK = YES;
				CLANG_WARN_BLOCK_CAPTURE_AUTORELEASING = YES;
				CLANG_WARN_BOOL_CONVERSION = YES;
				CLANG_WARN_COMMA = YES;
				CLANG_WARN_CONSTANT_CONVERSION = YES;
				CLANG_WARN_DEPRECATED_OBJC_IMPLEMENTATIONS = YES;
				CLANG_WARN_DIRECT_OBJC_ISA_USAGE = YES_ERROR;
				CLANG_WARN_DOCUMENTATION_COMMENTS = YES;
				CLANG_WARN_EMPTY_BODY = YES;
				CLANG_WARN_ENUM_CONVERSION = YES;
				CLANG_WARN_INFINITE_RECURSION = YES;
				CLANG_WARN_INT_CONVERSION = YES;
				CLANG_WARN_NON_LITERAL_NULL_CONVERSION = YES;
				CLANG_WARN_OBJC_IMPLICIT_RETAIN_SELF = YES;
				CLANG_WARN_OBJC_LITERAL_CONVERSION = YES;
				CLANG_WARN_OBJC_ROOT_CLASS = YES_ERROR;
				CLANG_WARN_QUOTED_INCLUDE_IN_FRAMEWORK_HEADER = YES;
				CLANG_WARN_RANGE_LOOP_ANALYSIS = YES;
				CLANG_WARN_STRICT_PROTOTYPES = YES;
				CLANG_WARN_SUSPICIOUS_MOVE = YES;
				CLANG_WARN_UNGUARDED_AVAILABILITY = YES_AGGRESSIVE;
				CLANG_WARN_UNREACHABLE_CODE = YES;
				CLANG_WARN__DUPLICATE_METHOD_MATCH = YES;
				COPY_PHASE_STRIP = NO;
				DEBUG_INFORMATION_FORMAT = dwarf;
				ENABLE_STRICT_OBJC_MSGSEND = YES;
				ENABLE_TESTABILITY = YES;
				ENABLE_USER_SCRIPT_SANDBOXING = YES;
				GCC_C_LANGUAGE_STANDARD = gnu17;
				GCC_DYNAMIC_NO_PIC = NO;
				GCC_NO_COMMON_BLOCKS = YES;
				GCC_OPTIMIZATION_LEVEL = 0;
				GCC_PREPROCESSOR_DEFINITIONS = (
					"DEBUG=1",
					"$(inherited)",
				);
				GCC_WARN_64_TO_32_BIT_CONVERSION = YES;
				GCC_WARN_ABOUT_RETURN_TYPE = YES_ERROR;
				GCC_WARN_UNDECLARED_SELECTOR = YES;
				GCC_WARN_UNINITIALIZED_AUTOS = YES_AGGRESSIVE;
				GCC_WARN_UNUSED_FUNCTION = YES;
				GCC_WARN_UNUSED_VARIABLE = YES;
				IPHONEOS_DEPLOYMENT_TARGET = 17.2;
				LOCALIZATION_PREFERS_STRING_CATALOGS = YES;
				MTL_ENABLE_DEBUG_INFO = INCLUDE_SOURCE;
				MTL_FAST_MATH = YES;
				ONLY_ACTIVE_ARCH = YES;
				SDKROOT = iphoneos;
				SWIFT_ACTIVE_COMPILATION_CONDITIONS = "DEBUG $(inherited)";
				SWIFT_OPTIMIZATION_LEVEL = "-Onone";
			};
			name = Debug;
		};
		494287442B568FC5004243D1 /* Release */ = {
			isa = XCBuildConfiguration;
			buildSettings = {
				ALWAYS_SEARCH_USER_PATHS = NO;
				ASSETCATALOG_COMPILER_GENERATE_SWIFT_ASSET_SYMBOL_EXTENSIONS = YES;
				CLANG_ANALYZER_NONNULL = YES;
				CLANG_ANALYZER_NUMBER_OBJECT_CONVERSION = YES_AGGRESSIVE;
				CLANG_CXX_LANGUAGE_STANDARD = "gnu++20";
				CLANG_ENABLE_MODULES = YES;
				CLANG_ENABLE_OBJC_ARC = YES;
				CLANG_ENABLE_OBJC_WEAK = YES;
				CLANG_WARN_BLOCK_CAPTURE_AUTORELEASING = YES;
				CLANG_WARN_BOOL_CONVERSION = YES;
				CLANG_WARN_COMMA = YES;
				CLANG_WARN_CONSTANT_CONVERSION = YES;
				CLANG_WARN_DEPRECATED_OBJC_IMPLEMENTATIONS = YES;
				CLANG_WARN_DIRECT_OBJC_ISA_USAGE = YES_ERROR;
				CLANG_WARN_DOCUMENTATION_COMMENTS = YES;
				CLANG_WARN_EMPTY_BODY = YES;
				CLANG_WARN_ENUM_CONVERSION = YES;
				CLANG_WARN_INFINITE_RECURSION = YES;
				CLANG_WARN_INT_CONVERSION = YES;
				CLANG_WARN_NON_LITERAL_NULL_CONVERSION = YES;
				CLANG_WARN_OBJC_IMPLICIT_RETAIN_SELF = YES;
				CLANG_WARN_OBJC_LITERAL_CONVERSION = YES;
				CLANG_WARN_OBJC_ROOT_CLASS = YES_ERROR;
				CLANG_WARN_QUOTED_INCLUDE_IN_FRAMEWORK_HEADER = YES;
				CLANG_WARN_RANGE_LOOP_ANALYSIS = YES;
				CLANG_WARN_STRICT_PROTOTYPES = YES;
				CLANG_WARN_SUSPICIOUS_MOVE = YES;
				CLANG_WARN_UNGUARDED_AVAILABILITY = YES_AGGRESSIVE;
				CLANG_WARN_UNREACHABLE_CODE = YES;
				CLANG_WARN__DUPLICATE_METHOD_MATCH = YES;
				COPY_PHASE_STRIP = NO;
				DEBUG_INFORMATION_FORMAT = "dwarf-with-dsym";
				ENABLE_NS_ASSERTIONS = NO;
				ENABLE_STRICT_OBJC_MSGSEND = YES;
				ENABLE_USER_SCRIPT_SANDBOXING = YES;
				GCC_C_LANGUAGE_STANDARD = gnu17;
				GCC_NO_COMMON_BLOCKS = YES;
				GCC_WARN_64_TO_32_BIT_CONVERSION = YES;
				GCC_WARN_ABOUT_RETURN_TYPE = YES_ERROR;
				GCC_WARN_UNDECLARED_SELECTOR = YES;
				GCC_WARN_UNINITIALIZED_AUTOS = YES_AGGRESSIVE;
				GCC_WARN_UNUSED_FUNCTION = YES;
				GCC_WARN_UNUSED_VARIABLE = YES;
				IPHONEOS_DEPLOYMENT_TARGET = 17.2;
				LOCALIZATION_PREFERS_STRING_CATALOGS = YES;
				MTL_ENABLE_DEBUG_INFO = NO;
				MTL_FAST_MATH = YES;
				SDKROOT = iphoneos;
				SWIFT_COMPILATION_MODE = wholemodule;
				VALIDATE_PRODUCT = YES;
			};
			name = Release;
		};
		494287462B568FC5004243D1 /* Debug */ = {
			isa = XCBuildConfiguration;
			buildSettings = {
				ASSETCATALOG_COMPILER_APPICON_NAME = AppIcon;
				ASSETCATALOG_COMPILER_GLOBAL_ACCENT_COLOR_NAME = AccentColor;
				CODE_SIGN_STYLE = Automatic;
				CURRENT_PROJECT_VERSION = 1;
				DEVELOPMENT_TEAM = 9T7P7L9G6Z;
				GENERATE_INFOPLIST_FILE = YES;
				INFOPLIST_FILE = WeatherApp/Info.plist;
				INFOPLIST_KEY_UIApplicationSupportsIndirectInputEvents = YES;
				INFOPLIST_KEY_UILaunchStoryboardName = LaunchScreen;
				INFOPLIST_KEY_UISupportedInterfaceOrientations_iPad = "UIInterfaceOrientationPortrait UIInterfaceOrientationPortraitUpsideDown UIInterfaceOrientationLandscapeLeft UIInterfaceOrientationLandscapeRight";
				INFOPLIST_KEY_UISupportedInterfaceOrientations_iPhone = "UIInterfaceOrientationPortrait UIInterfaceOrientationLandscapeLeft UIInterfaceOrientationLandscapeRight";
				LD_RUNPATH_SEARCH_PATHS = (
					"$(inherited)",
					"@executable_path/Frameworks",
				);
				MARKETING_VERSION = 1.0;
				PRODUCT_BUNDLE_IDENTIFIER = com.hakantrkmn.WeatherApp;
				PRODUCT_NAME = "$(TARGET_NAME)";
				SWIFT_EMIT_LOC_STRINGS = YES;
				SWIFT_VERSION = 5.0;
				TARGETED_DEVICE_FAMILY = "1,2";
			};
			name = Debug;
		};
		494287472B568FC5004243D1 /* Release */ = {
			isa = XCBuildConfiguration;
			buildSettings = {
				ASSETCATALOG_COMPILER_APPICON_NAME = AppIcon;
				ASSETCATALOG_COMPILER_GLOBAL_ACCENT_COLOR_NAME = AccentColor;
				CODE_SIGN_STYLE = Automatic;
				CURRENT_PROJECT_VERSION = 1;
				DEVELOPMENT_TEAM = 9T7P7L9G6Z;
				GENERATE_INFOPLIST_FILE = YES;
				INFOPLIST_FILE = WeatherApp/Info.plist;
				INFOPLIST_KEY_UIApplicationSupportsIndirectInputEvents = YES;
				INFOPLIST_KEY_UILaunchStoryboardName = LaunchScreen;
				INFOPLIST_KEY_UISupportedInterfaceOrientations_iPad = "UIInterfaceOrientationPortrait UIInterfaceOrientationPortraitUpsideDown UIInterfaceOrientationLandscapeLeft UIInterfaceOrientationLandscapeRight";
				INFOPLIST_KEY_UISupportedInterfaceOrientations_iPhone = "UIInterfaceOrientationPortrait UIInterfaceOrientationLandscapeLeft UIInterfaceOrientationLandscapeRight";
				LD_RUNPATH_SEARCH_PATHS = (
					"$(inherited)",
					"@executable_path/Frameworks",
				);
				MARKETING_VERSION = 1.0;
				PRODUCT_BUNDLE_IDENTIFIER = com.hakantrkmn.WeatherApp;
				PRODUCT_NAME = "$(TARGET_NAME)";
				SWIFT_EMIT_LOC_STRINGS = YES;
				SWIFT_VERSION = 5.0;
				TARGETED_DEVICE_FAMILY = "1,2";
			};
			name = Release;
		};
/* End XCBuildConfiguration section */

/* Begin XCConfigurationList section */
		4942872C2B568FC4004243D1 /* Build configuration list for PBXProject "WeatherApp" */ = {
			isa = XCConfigurationList;
			buildConfigurations = (
				494287432B568FC5004243D1 /* Debug */,
				494287442B568FC5004243D1 /* Release */,
			);
			defaultConfigurationIsVisible = 0;
			defaultConfigurationName = Release;
		};
		494287452B568FC5004243D1 /* Build configuration list for PBXNativeTarget "WeatherApp" */ = {
			isa = XCConfigurationList;
			buildConfigurations = (
				494287462B568FC5004243D1 /* Debug */,
				494287472B568FC5004243D1 /* Release */,
			);
			defaultConfigurationIsVisible = 0;
			defaultConfigurationName = Release;
		};
/* End XCConfigurationList section */

/* Begin XCRemoteSwiftPackageReference section */
		4942874F2B569422004243D1 /* XCRemoteSwiftPackageReference "SnapKit" */ = {
			isa = XCRemoteSwiftPackageReference;
			repositoryURL = "https://github.com/SnapKit/SnapKit.git";
			requirement = {
				kind = upToNextMajorVersion;
				minimumVersion = 5.7.0;
			};
		};
		494287592B569819004243D1 /* XCRemoteSwiftPackageReference "Alamofire" */ = {
			isa = XCRemoteSwiftPackageReference;
			repositoryURL = "https://github.com/Alamofire/Alamofire.git";
			requirement = {
				kind = upToNextMajorVersion;
				minimumVersion = 5.8.1;
			};
		};
		49EC08B82B593E5300926BE3 /* XCRemoteSwiftPackageReference "SDWebImage" */ = {
			isa = XCRemoteSwiftPackageReference;
			repositoryURL = "https://github.com/SDWebImage/SDWebImage.git";
			requirement = {
				kind = upToNextMajorVersion;
				minimumVersion = 5.18.10;
			};
		};
/* End XCRemoteSwiftPackageReference section */

/* Begin XCSwiftPackageProductDependency section */
		494287502B569422004243D1 /* SnapKit */ = {
			isa = XCSwiftPackageProductDependency;
			package = 4942874F2B569422004243D1 /* XCRemoteSwiftPackageReference "SnapKit" */;
			productName = SnapKit;
		};
		494287522B569422004243D1 /* SnapKit-Dynamic */ = {
			isa = XCSwiftPackageProductDependency;
			package = 4942874F2B569422004243D1 /* XCRemoteSwiftPackageReference "SnapKit" */;
			productName = "SnapKit-Dynamic";
		};
		4942875A2B569819004243D1 /* Alamofire */ = {
			isa = XCSwiftPackageProductDependency;
			package = 494287592B569819004243D1 /* XCRemoteSwiftPackageReference "Alamofire" */;
			productName = Alamofire;
		};
		49EC08B92B593E5300926BE3 /* SDWebImage */ = {
			isa = XCSwiftPackageProductDependency;
			package = 49EC08B82B593E5300926BE3 /* XCRemoteSwiftPackageReference "SDWebImage" */;
			productName = SDWebImage;
		};
		49EC08BB2B593E5300926BE3 /* SDWebImageMapKit */ = {
			isa = XCSwiftPackageProductDependency;
			package = 49EC08B82B593E5300926BE3 /* XCRemoteSwiftPackageReference "SDWebImage" */;
			productName = SDWebImageMapKit;
		};
/* End XCSwiftPackageProductDependency section */
	};
	rootObject = 494287292B568FC4004243D1 /* Project object */;
}
